// !$*UTF8*$!
{
	archiveVersion = 1;
	classes = {
	};
	objectVersion = 46;
	objects = {

/* Begin PBXBuildFile section */
		D5157DE71D821843005620BF /* CompassManager.swift in Sources */ = {isa = PBXBuildFile; fileRef = D582BA241D6DAB11000D5F3A /* CompassManager.swift */; };
		D5361FCE1D6C4F8E003C3EE8 /* Compass.framework in Frameworks */ = {isa = PBXBuildFile; fileRef = D5361FCC1D6C4F8E003C3EE8 /* Compass.framework */; };
		D5361FD61D6C5067003C3EE8 /* Compass.framework in Frameworks */ = {isa = PBXBuildFile; fileRef = D5361FD41D6C5067003C3EE8 /* Compass.framework */; };
		D5361FD81D6C5080003C3EE8 /* Compass.framework in Frameworks */ = {isa = PBXBuildFile; fileRef = D5361FCC1D6C4F8E003C3EE8 /* Compass.framework */; };
		D5361FDA1D6C50A4003C3EE8 /* Compass.framework in Frameworks */ = {isa = PBXBuildFile; fileRef = D5361FD41D6C5067003C3EE8 /* Compass.framework */; };
		D5361FDE1D6C59D8003C3EE8 /* Aftermath.framework in Frameworks */ = {isa = PBXBuildFile; fileRef = D5361FDD1D6C59D8003C3EE8 /* Aftermath.framework */; };
		D5361FDF1D6C59FD003C3EE8 /* Aftermath.framework in Frameworks */ = {isa = PBXBuildFile; fileRef = D5361FDD1D6C59D8003C3EE8 /* Aftermath.framework */; };
		D582BA221D6D00A5000D5F3A /* Aftermath.framework in Frameworks */ = {isa = PBXBuildFile; fileRef = D582BA211D6D00A5000D5F3A /* Aftermath.framework */; };
		D582BA231D6D00DD000D5F3A /* Aftermath.framework in Frameworks */ = {isa = PBXBuildFile; fileRef = D5361FDD1D6C59D8003C3EE8 /* Aftermath.framework */; };
		D582BA251D6DAB11000D5F3A /* CompassManager.swift in Sources */ = {isa = PBXBuildFile; fileRef = D582BA241D6DAB11000D5F3A /* CompassManager.swift */; };
		D582BA2A1D6DAB63000D5F3A /* CompassCommand.swift in Sources */ = {isa = PBXBuildFile; fileRef = D582BA291D6DAB63000D5F3A /* CompassCommand.swift */; };
		D582BA2B1D6DAB63000D5F3A /* CompassCommand.swift in Sources */ = {isa = PBXBuildFile; fileRef = D582BA291D6DAB63000D5F3A /* CompassCommand.swift */; };
		D582BA2C1D6DAB84000D5F3A /* CompassCommandTests.swift in Sources */ = {isa = PBXBuildFile; fileRef = D582BA271D6DAB18000D5F3A /* CompassCommandTests.swift */; };
		D582BA2D1D6DAB84000D5F3A /* CompassCommandTests.swift in Sources */ = {isa = PBXBuildFile; fileRef = D582BA271D6DAB18000D5F3A /* CompassCommandTests.swift */; };
		D582BA2F1D6DABAF000D5F3A /* CompassCommandHandler.swift in Sources */ = {isa = PBXBuildFile; fileRef = D582BA2E1D6DABAF000D5F3A /* CompassCommandHandler.swift */; };
		D582BA301D6DABAF000D5F3A /* CompassCommandHandler.swift in Sources */ = {isa = PBXBuildFile; fileRef = D582BA2E1D6DABAF000D5F3A /* CompassCommandHandler.swift */; };
		D582BA321D6DAE93000D5F3A /* CompassError.swift in Sources */ = {isa = PBXBuildFile; fileRef = D582BA311D6DAE93000D5F3A /* CompassError.swift */; };
		D582BA331D6DAE93000D5F3A /* CompassError.swift in Sources */ = {isa = PBXBuildFile; fileRef = D582BA311D6DAE93000D5F3A /* CompassError.swift */; };
		D582BA351D6DB7BB000D5F3A /* CompassCommandHandlerTests.swift in Sources */ = {isa = PBXBuildFile; fileRef = D582BA341D6DB7BB000D5F3A /* CompassCommandHandlerTests.swift */; };
		D582BA361D6DB7BB000D5F3A /* CompassCommandHandlerTests.swift in Sources */ = {isa = PBXBuildFile; fileRef = D582BA341D6DB7BB000D5F3A /* CompassCommandHandlerTests.swift */; };
		D582BA381D6DB7C2000D5F3A /* CompassManagerTests.swift in Sources */ = {isa = PBXBuildFile; fileRef = D582BA371D6DB7C2000D5F3A /* CompassManagerTests.swift */; };
		D582BA391D6DB7C2000D5F3A /* CompassManagerTests.swift in Sources */ = {isa = PBXBuildFile; fileRef = D582BA371D6DB7C2000D5F3A /* CompassManagerTests.swift */; };
		D582BA3B1D6DBE9D000D5F3A /* Helpers.swift in Sources */ = {isa = PBXBuildFile; fileRef = D582BA3A1D6DBE9D000D5F3A /* Helpers.swift */; };
		D582BA3C1D6DBE9D000D5F3A /* Helpers.swift in Sources */ = {isa = PBXBuildFile; fileRef = D582BA3A1D6DBE9D000D5F3A /* Helpers.swift */; };
		D5982E841D7CD352004C4AAF /* CommandRouter.swift in Sources */ = {isa = PBXBuildFile; fileRef = D5982E831D7CD352004C4AAF /* CommandRouter.swift */; };
		D5982E851D7CD352004C4AAF /* CommandRouter.swift in Sources */ = {isa = PBXBuildFile; fileRef = D5982E831D7CD352004C4AAF /* CommandRouter.swift */; };
		D5982E871D7CD95B004C4AAF /* CommandRouterTests.swift in Sources */ = {isa = PBXBuildFile; fileRef = D5982E861D7CD95B004C4AAF /* CommandRouterTests.swift */; };
		D5982E881D7CD95B004C4AAF /* CommandRouterTests.swift in Sources */ = {isa = PBXBuildFile; fileRef = D5982E861D7CD95B004C4AAF /* CommandRouterTests.swift */; };
		D5B2E8AA1C3A780C00C0327D /* AftermathCompass.framework in Frameworks */ = {isa = PBXBuildFile; fileRef = D5B2E89F1C3A780C00C0327D /* AftermathCompass.framework */; };
		D5C6294A1C3A7FAA007F7B7C /* AftermathCompass.framework in Frameworks */ = {isa = PBXBuildFile; fileRef = D5C629401C3A7FAA007F7B7C /* AftermathCompass.framework */; };
/* End PBXBuildFile section */

/* Begin PBXContainerItemProxy section */
		D5B2E8AB1C3A780C00C0327D /* PBXContainerItemProxy */ = {
			isa = PBXContainerItemProxy;
			containerPortal = D5B2E8961C3A780C00C0327D /* Project object */;
			proxyType = 1;
			remoteGlobalIDString = D5B2E89E1C3A780C00C0327D;
			remoteInfo = AftermathCompass;
		};
		D5C6294B1C3A7FAA007F7B7C /* PBXContainerItemProxy */ = {
			isa = PBXContainerItemProxy;
			containerPortal = D5B2E8961C3A780C00C0327D /* Project object */;
			proxyType = 1;
			remoteGlobalIDString = D5C6293F1C3A7FAA007F7B7C;
			remoteInfo = "AftermathCompass-Mac";
		};
/* End PBXContainerItemProxy section */

/* Begin PBXFileReference section */
		D500FD111C3AABED00782D78 /* Playground-iOS.playground */ = {isa = PBXFileReference; lastKnownFileType = file.playground; path = "Playground-iOS.playground"; sourceTree = "<group>"; };
		D500FD121C3AAC8E00782D78 /* Playground-Mac.playground */ = {isa = PBXFileReference; lastKnownFileType = file.playground; path = "Playground-Mac.playground"; sourceTree = "<group>"; };
		D5361FBF1D6C4D76003C3EE8 /* Info-iOS.plist */ = {isa = PBXFileReference; fileEncoding = 4; lastKnownFileType = text.plist.xml; path = "Info-iOS.plist"; sourceTree = "<group>"; };
		D5361FC01D6C4D76003C3EE8 /* Info-Mac.plist */ = {isa = PBXFileReference; fileEncoding = 4; lastKnownFileType = text.plist.xml; path = "Info-Mac.plist"; sourceTree = "<group>"; };
		D5361FC11D6C4D76003C3EE8 /* Info-Tests-iOS.plist */ = {isa = PBXFileReference; fileEncoding = 4; lastKnownFileType = text.plist.xml; path = "Info-Tests-iOS.plist"; sourceTree = "<group>"; };
		D5361FC21D6C4D76003C3EE8 /* Info-Tests-Mac.plist */ = {isa = PBXFileReference; fileEncoding = 4; lastKnownFileType = text.plist.xml; path = "Info-Tests-Mac.plist"; sourceTree = "<group>"; };
		D5361FCC1D6C4F8E003C3EE8 /* Compass.framework */ = {isa = PBXFileReference; lastKnownFileType = wrapper.framework; name = Compass.framework; path = Carthage/Build/iOS/Compass.framework; sourceTree = "<group>"; };
		D5361FCD1D6C4F8E003C3EE8 /* Sugar.framework */ = {isa = PBXFileReference; lastKnownFileType = wrapper.framework; name = Sugar.framework; path = Carthage/Build/iOS/Sugar.framework; sourceTree = "<group>"; };
		D5361FD41D6C5067003C3EE8 /* Compass.framework */ = {isa = PBXFileReference; lastKnownFileType = wrapper.framework; name = Compass.framework; path = Carthage/Build/Mac/Compass.framework; sourceTree = "<group>"; };
		D5361FD51D6C5067003C3EE8 /* Sugar.framework */ = {isa = PBXFileReference; lastKnownFileType = wrapper.framework; name = Sugar.framework; path = Carthage/Build/Mac/Sugar.framework; sourceTree = "<group>"; };
		D5361FDD1D6C59D8003C3EE8 /* Aftermath.framework */ = {isa = PBXFileReference; lastKnownFileType = wrapper.framework; name = Aftermath.framework; path = Carthage/Build/iOS/Aftermath.framework; sourceTree = "<group>"; };
		D582BA211D6D00A5000D5F3A /* Aftermath.framework */ = {isa = PBXFileReference; lastKnownFileType = wrapper.framework; name = Aftermath.framework; path = Carthage/Build/Mac/Aftermath.framework; sourceTree = "<group>"; };
		D582BA241D6DAB11000D5F3A /* CompassManager.swift */ = {isa = PBXFileReference; fileEncoding = 4; lastKnownFileType = sourcecode.swift; path = CompassManager.swift; sourceTree = "<group>"; };
		D582BA271D6DAB18000D5F3A /* CompassCommandTests.swift */ = {isa = PBXFileReference; fileEncoding = 4; lastKnownFileType = sourcecode.swift; path = CompassCommandTests.swift; sourceTree = "<group>"; };
		D582BA291D6DAB63000D5F3A /* CompassCommand.swift */ = {isa = PBXFileReference; fileEncoding = 4; lastKnownFileType = sourcecode.swift; path = CompassCommand.swift; sourceTree = "<group>"; };
		D582BA2E1D6DABAF000D5F3A /* CompassCommandHandler.swift */ = {isa = PBXFileReference; fileEncoding = 4; lastKnownFileType = sourcecode.swift; path = CompassCommandHandler.swift; sourceTree = "<group>"; };
		D582BA311D6DAE93000D5F3A /* CompassError.swift */ = {isa = PBXFileReference; fileEncoding = 4; lastKnownFileType = sourcecode.swift; path = CompassError.swift; sourceTree = "<group>"; };
		D582BA341D6DB7BB000D5F3A /* CompassCommandHandlerTests.swift */ = {isa = PBXFileReference; fileEncoding = 4; lastKnownFileType = sourcecode.swift; path = CompassCommandHandlerTests.swift; sourceTree = "<group>"; };
		D582BA371D6DB7C2000D5F3A /* CompassManagerTests.swift */ = {isa = PBXFileReference; fileEncoding = 4; lastKnownFileType = sourcecode.swift; path = CompassManagerTests.swift; sourceTree = "<group>"; };
		D582BA3A1D6DBE9D000D5F3A /* Helpers.swift */ = {isa = PBXFileReference; fileEncoding = 4; lastKnownFileType = sourcecode.swift; path = Helpers.swift; sourceTree = "<group>"; };
		D5982E831D7CD352004C4AAF /* CommandRouter.swift */ = {isa = PBXFileReference; fileEncoding = 4; lastKnownFileType = sourcecode.swift; path = CommandRouter.swift; sourceTree = "<group>"; };
		D5982E861D7CD95B004C4AAF /* CommandRouterTests.swift */ = {isa = PBXFileReference; fileEncoding = 4; lastKnownFileType = sourcecode.swift; path = CommandRouterTests.swift; sourceTree = "<group>"; };
		D5B2E89F1C3A780C00C0327D /* AftermathCompass.framework */ = {isa = PBXFileReference; explicitFileType = wrapper.framework; includeInIndex = 0; path = AftermathCompass.framework; sourceTree = BUILT_PRODUCTS_DIR; };
		D5B2E8A91C3A780C00C0327D /* AftermathCompass-iOS-Tests.xctest */ = {isa = PBXFileReference; explicitFileType = wrapper.cfbundle; includeInIndex = 0; path = "AftermathCompass-iOS-Tests.xctest"; sourceTree = BUILT_PRODUCTS_DIR; };
		D5C629401C3A7FAA007F7B7C /* AftermathCompass.framework */ = {isa = PBXFileReference; explicitFileType = wrapper.framework; includeInIndex = 0; path = AftermathCompass.framework; sourceTree = BUILT_PRODUCTS_DIR; };
		D5C629491C3A7FAA007F7B7C /* AftermathCompass-Mac-Tests.xctest */ = {isa = PBXFileReference; explicitFileType = wrapper.cfbundle; includeInIndex = 0; path = "AftermathCompass-Mac-Tests.xctest"; sourceTree = BUILT_PRODUCTS_DIR; };
/* End PBXFileReference section */

/* Begin PBXFrameworksBuildPhase section */
		D5B2E89B1C3A780C00C0327D /* Frameworks */ = {
			isa = PBXFrameworksBuildPhase;
			buildActionMask = 2147483647;
			files = (
				D5361FDE1D6C59D8003C3EE8 /* Aftermath.framework in Frameworks */,
				D5361FCE1D6C4F8E003C3EE8 /* Compass.framework in Frameworks */,
			);
			runOnlyForDeploymentPostprocessing = 0;
		};
		D5B2E8A61C3A780C00C0327D /* Frameworks */ = {
			isa = PBXFrameworksBuildPhase;
			buildActionMask = 2147483647;
			files = (
				D5361FDF1D6C59FD003C3EE8 /* Aftermath.framework in Frameworks */,
				D5361FD81D6C5080003C3EE8 /* Compass.framework in Frameworks */,
				D5B2E8AA1C3A780C00C0327D /* AftermathCompass.framework in Frameworks */,
			);
			runOnlyForDeploymentPostprocessing = 0;
		};
		D5C6293C1C3A7FAA007F7B7C /* Frameworks */ = {
			isa = PBXFrameworksBuildPhase;
			buildActionMask = 2147483647;
			files = (
				D582BA231D6D00DD000D5F3A /* Aftermath.framework in Frameworks */,
				D5361FD61D6C5067003C3EE8 /* Compass.framework in Frameworks */,
			);
			runOnlyForDeploymentPostprocessing = 0;
		};
		D5C629461C3A7FAA007F7B7C /* Frameworks */ = {
			isa = PBXFrameworksBuildPhase;
			buildActionMask = 2147483647;
			files = (
				D582BA221D6D00A5000D5F3A /* Aftermath.framework in Frameworks */,
				D5361FDA1D6C50A4003C3EE8 /* Compass.framework in Frameworks */,
				D5C6294A1C3A7FAA007F7B7C /* AftermathCompass.framework in Frameworks */,
			);
			runOnlyForDeploymentPostprocessing = 0;
		};
/* End PBXFrameworksBuildPhase section */

/* Begin PBXGroup section */
		D5361FB81D6C4D76003C3EE8 /* Tests */ = {
			isa = PBXGroup;
			children = (
				D582BA261D6DAB18000D5F3A /* AftermathCompass */,
			);
			path = Tests;
			sourceTree = "<group>";
		};
		D5361FBB1D6C4D76003C3EE8 /* Sources */ = {
			isa = PBXGroup;
			children = (
				D582BA291D6DAB63000D5F3A /* CompassCommand.swift */,
				D582BA2E1D6DABAF000D5F3A /* CompassCommandHandler.swift */,
				D582BA241D6DAB11000D5F3A /* CompassManager.swift */,
				D582BA311D6DAE93000D5F3A /* CompassError.swift */,
				D5982E831D7CD352004C4AAF /* CommandRouter.swift */,
			);
			path = Sources;
			sourceTree = "<group>";
		};
		D5361FBE1D6C4D76003C3EE8 /* Project */ = {
			isa = PBXGroup;
			children = (
				D5361FBF1D6C4D76003C3EE8 /* Info-iOS.plist */,
				D5361FC01D6C4D76003C3EE8 /* Info-Mac.plist */,
				D5361FC11D6C4D76003C3EE8 /* Info-Tests-iOS.plist */,
				D5361FC21D6C4D76003C3EE8 /* Info-Tests-Mac.plist */,
			);
			path = Project;
			sourceTree = "<group>";
		};
		D5361FDC1D6C50BA003C3EE8 /* Frameworks */ = {
			isa = PBXGroup;
			children = (
				D582BA211D6D00A5000D5F3A /* Aftermath.framework */,
				D5361FDD1D6C59D8003C3EE8 /* Aftermath.framework */,
				D5361FD41D6C5067003C3EE8 /* Compass.framework */,
				D5361FD51D6C5067003C3EE8 /* Sugar.framework */,
				D5361FCC1D6C4F8E003C3EE8 /* Compass.framework */,
				D5361FCD1D6C4F8E003C3EE8 /* Sugar.framework */,
			);
			name = Frameworks;
			sourceTree = "<group>";
		};
		D582BA261D6DAB18000D5F3A /* AftermathCompass */ = {
			isa = PBXGroup;
			children = (
				D582BA271D6DAB18000D5F3A /* CompassCommandTests.swift */,
				D582BA341D6DB7BB000D5F3A /* CompassCommandHandlerTests.swift */,
				D582BA371D6DB7C2000D5F3A /* CompassManagerTests.swift */,
				D5982E861D7CD95B004C4AAF /* CommandRouterTests.swift */,
				D582BA3A1D6DBE9D000D5F3A /* Helpers.swift */,
			);
			path = AftermathCompass;
			sourceTree = "<group>";
		};
		D5B2E8951C3A780C00C0327D = {
			isa = PBXGroup;
			children = (
				D500FD111C3AABED00782D78 /* Playground-iOS.playground */,
				D500FD121C3AAC8E00782D78 /* Playground-Mac.playground */,
				D5361FBE1D6C4D76003C3EE8 /* Project */,
				D5361FBB1D6C4D76003C3EE8 /* Sources */,
				D5361FB81D6C4D76003C3EE8 /* Tests */,
				D5361FDC1D6C50BA003C3EE8 /* Frameworks */,
				D5B2E8A01C3A780C00C0327D /* Products */,
			);
			sourceTree = "<group>";
		};
		D5B2E8A01C3A780C00C0327D /* Products */ = {
			isa = PBXGroup;
			children = (
				D5B2E89F1C3A780C00C0327D /* AftermathCompass.framework */,
				D5B2E8A91C3A780C00C0327D /* AftermathCompass-iOS-Tests.xctest */,
				D5C629401C3A7FAA007F7B7C /* AftermathCompass.framework */,
				D5C629491C3A7FAA007F7B7C /* AftermathCompass-Mac-Tests.xctest */,
			);
			name = Products;
			sourceTree = "<group>";
		};
/* End PBXGroup section */

/* Begin PBXHeadersBuildPhase section */
		D5B2E89C1C3A780C00C0327D /* Headers */ = {
			isa = PBXHeadersBuildPhase;
			buildActionMask = 2147483647;
			files = (
			);
			runOnlyForDeploymentPostprocessing = 0;
		};
		D5C6293D1C3A7FAA007F7B7C /* Headers */ = {
			isa = PBXHeadersBuildPhase;
			buildActionMask = 2147483647;
			files = (
			);
			runOnlyForDeploymentPostprocessing = 0;
		};
/* End PBXHeadersBuildPhase section */

/* Begin PBXNativeTarget section */
		D5B2E89E1C3A780C00C0327D /* AftermathCompass-iOS */ = {
			isa = PBXNativeTarget;
			buildConfigurationList = D5B2E8B31C3A780C00C0327D /* Build configuration list for PBXNativeTarget "AftermathCompass-iOS" */;
			buildPhases = (
				D5B2E89A1C3A780C00C0327D /* Sources */,
				D5B2E89B1C3A780C00C0327D /* Frameworks */,
				D5B2E89C1C3A780C00C0327D /* Headers */,
				D5B2E89D1C3A780C00C0327D /* Resources */,
				D5361FD01D6C4FC2003C3EE8 /* Copy frameworks with Carthage */,
			);
			buildRules = (
			);
			dependencies = (
			);
			name = "AftermathCompass-iOS";
			productName = AftermathCompass;
			productReference = D5B2E89F1C3A780C00C0327D /* AftermathCompass.framework */;
			productType = "com.apple.product-type.framework";
		};
		D5B2E8A81C3A780C00C0327D /* AftermathCompass-iOS-Tests */ = {
			isa = PBXNativeTarget;
			buildConfigurationList = D5B2E8B61C3A780C00C0327D /* Build configuration list for PBXNativeTarget "AftermathCompass-iOS-Tests" */;
			buildPhases = (
				D5B2E8A51C3A780C00C0327D /* Sources */,
				D5B2E8A61C3A780C00C0327D /* Frameworks */,
				D5B2E8A71C3A780C00C0327D /* Resources */,
				D5361FD21D6C5015003C3EE8 /* Copy frameworks with Carthage */,
			);
			buildRules = (
			);
			dependencies = (
				D5B2E8AC1C3A780C00C0327D /* PBXTargetDependency */,
			);
			name = "AftermathCompass-iOS-Tests";
			productName = AftermathCompassTests;
			productReference = D5B2E8A91C3A780C00C0327D /* AftermathCompass-iOS-Tests.xctest */;
			productType = "com.apple.product-type.bundle.unit-test";
		};
		D5C6293F1C3A7FAA007F7B7C /* AftermathCompass-Mac */ = {
			isa = PBXNativeTarget;
			buildConfigurationList = D5C629511C3A7FAA007F7B7C /* Build configuration list for PBXNativeTarget "AftermathCompass-Mac" */;
			buildPhases = (
				D5C6293B1C3A7FAA007F7B7C /* Sources */,
				D5C6293C1C3A7FAA007F7B7C /* Frameworks */,
				D5C6293D1C3A7FAA007F7B7C /* Headers */,
				D5C6293E1C3A7FAA007F7B7C /* Resources */,
				D5361FD11D6C5010003C3EE8 /* Copy frameworks with Carthage */,
			);
			buildRules = (
			);
			dependencies = (
			);
			name = "AftermathCompass-Mac";
			productName = "AftermathCompass-Mac";
			productReference = D5C629401C3A7FAA007F7B7C /* AftermathCompass.framework */;
			productType = "com.apple.product-type.framework";
		};
		D5C629481C3A7FAA007F7B7C /* AftermathCompass-Mac-Tests */ = {
			isa = PBXNativeTarget;
			buildConfigurationList = D5C629541C3A7FAA007F7B7C /* Build configuration list for PBXNativeTarget "AftermathCompass-Mac-Tests" */;
			buildPhases = (
				D5C629451C3A7FAA007F7B7C /* Sources */,
				D5C629461C3A7FAA007F7B7C /* Frameworks */,
				D5C629471C3A7FAA007F7B7C /* Resources */,
				D5361FD31D6C501B003C3EE8 /* Copy frameworks with Carthage */,
			);
			buildRules = (
			);
			dependencies = (
				D5C6294C1C3A7FAA007F7B7C /* PBXTargetDependency */,
			);
			name = "AftermathCompass-Mac-Tests";
			productName = "AftermathCompass-MacTests";
			productReference = D5C629491C3A7FAA007F7B7C /* AftermathCompass-Mac-Tests.xctest */;
			productType = "com.apple.product-type.bundle.unit-test";
		};
/* End PBXNativeTarget section */

/* Begin PBXProject section */
		D5B2E8961C3A780C00C0327D /* Project object */ = {
			isa = PBXProject;
			attributes = {
				LastSwiftUpdateCheck = 0730;
				LastUpgradeCheck = 0720;
				ORGANIZATIONNAME = "Hyper Interaktiv AS";
				TargetAttributes = {
					D5B2E89E1C3A780C00C0327D = {
						CreatedOnToolsVersion = 7.2;
					};
					D5B2E8A81C3A780C00C0327D = {
						CreatedOnToolsVersion = 7.2;
					};
					D5C6293F1C3A7FAA007F7B7C = {
						CreatedOnToolsVersion = 7.2;
					};
					D5C629481C3A7FAA007F7B7C = {
						CreatedOnToolsVersion = 7.2;
					};
				};
			};
			buildConfigurationList = D5B2E8991C3A780C00C0327D /* Build configuration list for PBXProject "AftermathCompass" */;
			compatibilityVersion = "Xcode 3.2";
			developmentRegion = English;
			hasScannedForEncodings = 0;
			knownRegions = (
				en,
			);
			mainGroup = D5B2E8951C3A780C00C0327D;
			productRefGroup = D5B2E8A01C3A780C00C0327D /* Products */;
			projectDirPath = "";
			projectRoot = "";
			targets = (
				D5B2E89E1C3A780C00C0327D /* AftermathCompass-iOS */,
				D5C6293F1C3A7FAA007F7B7C /* AftermathCompass-Mac */,
				D5B2E8A81C3A780C00C0327D /* AftermathCompass-iOS-Tests */,
				D5C629481C3A7FAA007F7B7C /* AftermathCompass-Mac-Tests */,
			);
		};
/* End PBXProject section */

/* Begin PBXResourcesBuildPhase section */
		D5B2E89D1C3A780C00C0327D /* Resources */ = {
			isa = PBXResourcesBuildPhase;
			buildActionMask = 2147483647;
			files = (
			);
			runOnlyForDeploymentPostprocessing = 0;
		};
		D5B2E8A71C3A780C00C0327D /* Resources */ = {
			isa = PBXResourcesBuildPhase;
			buildActionMask = 2147483647;
			files = (
			);
			runOnlyForDeploymentPostprocessing = 0;
		};
		D5C6293E1C3A7FAA007F7B7C /* Resources */ = {
			isa = PBXResourcesBuildPhase;
			buildActionMask = 2147483647;
			files = (
			);
			runOnlyForDeploymentPostprocessing = 0;
		};
		D5C629471C3A7FAA007F7B7C /* Resources */ = {
			isa = PBXResourcesBuildPhase;
			buildActionMask = 2147483647;
			files = (
			);
			runOnlyForDeploymentPostprocessing = 0;
		};
/* End PBXResourcesBuildPhase section */

/* Begin PBXShellScriptBuildPhase section */
		D5361FD01D6C4FC2003C3EE8 /* Copy frameworks with Carthage */ = {
			isa = PBXShellScriptBuildPhase;
			buildActionMask = 2147483647;
			files = (
			);
			inputPaths = (
				"$(SRCROOT)/Carthage/Build/iOS/Compass.framework",
				"$(SRCROOT)/Carthage/Build/iOS/Aftermath.framework",
			);
			name = "Copy frameworks with Carthage";
			outputPaths = (
			);
			runOnlyForDeploymentPostprocessing = 0;
			shellPath = /bin/sh;
			shellScript = "/usr/local/bin/carthage copy-frameworks";
		};
		D5361FD11D6C5010003C3EE8 /* Copy frameworks with Carthage */ = {
			isa = PBXShellScriptBuildPhase;
			buildActionMask = 2147483647;
			files = (
			);
			inputPaths = (
				"$(SRCROOT)/Carthage/Build/Mac/Aftermath.framework",
				"$(SRCROOT)/Carthage/Build/Mac/Compass.framework",
			);
			name = "Copy frameworks with Carthage";
			outputPaths = (
			);
			runOnlyForDeploymentPostprocessing = 0;
			shellPath = /bin/sh;
			shellScript = "/usr/local/bin/carthage copy-frameworks";
		};
		D5361FD21D6C5015003C3EE8 /* Copy frameworks with Carthage */ = {
			isa = PBXShellScriptBuildPhase;
			buildActionMask = 2147483647;
			files = (
			);
			inputPaths = (
				"$(SRCROOT)/Carthage/Build/iOS/Compass.framework",
				"$(SRCROOT)/Carthage/Build/iOS/Aftermath.framework",
			);
			name = "Copy frameworks with Carthage";
			outputPaths = (
			);
			runOnlyForDeploymentPostprocessing = 0;
			shellPath = /bin/sh;
			shellScript = "/usr/local/bin/carthage copy-frameworks";
		};
		D5361FD31D6C501B003C3EE8 /* Copy frameworks with Carthage */ = {
			isa = PBXShellScriptBuildPhase;
			buildActionMask = 2147483647;
			files = (
			);
			inputPaths = (
				"$(SRCROOT)/Carthage/Build/Mac/Aftermath.framework",
				"$(SRCROOT)/Carthage/Build/Mac/Compass.framework",
			);
			name = "Copy frameworks with Carthage";
			outputPaths = (
			);
			runOnlyForDeploymentPostprocessing = 0;
			shellPath = /bin/sh;
			shellScript = "/usr/local/bin/carthage copy-frameworks";
		};
/* End PBXShellScriptBuildPhase section */

/* Begin PBXSourcesBuildPhase section */
		D5B2E89A1C3A780C00C0327D /* Sources */ = {
			isa = PBXSourcesBuildPhase;
			buildActionMask = 2147483647;
			files = (
				D582BA321D6DAE93000D5F3A /* CompassError.swift in Sources */,
				D582BA2F1D6DABAF000D5F3A /* CompassCommandHandler.swift in Sources */,
				D582BA251D6DAB11000D5F3A /* CompassManager.swift in Sources */,
				D5982E841D7CD352004C4AAF /* CommandRouter.swift in Sources */,
				D582BA2A1D6DAB63000D5F3A /* CompassCommand.swift in Sources */,
			);
			runOnlyForDeploymentPostprocessing = 0;
		};
		D5B2E8A51C3A780C00C0327D /* Sources */ = {
			isa = PBXSourcesBuildPhase;
			buildActionMask = 2147483647;
			files = (
				D5982E871D7CD95B004C4AAF /* CommandRouterTests.swift in Sources */,
				D582BA351D6DB7BB000D5F3A /* CompassCommandHandlerTests.swift in Sources */,
				D582BA2C1D6DAB84000D5F3A /* CompassCommandTests.swift in Sources */,
				D582BA381D6DB7C2000D5F3A /* CompassManagerTests.swift in Sources */,
				D582BA3B1D6DBE9D000D5F3A /* Helpers.swift in Sources */,
			);
			runOnlyForDeploymentPostprocessing = 0;
		};
		D5C6293B1C3A7FAA007F7B7C /* Sources */ = {
			isa = PBXSourcesBuildPhase;
			buildActionMask = 2147483647;
			files = (
				D582BA301D6DABAF000D5F3A /* CompassCommandHandler.swift in Sources */,
				D582BA331D6DAE93000D5F3A /* CompassError.swift in Sources */,
				D5157DE71D821843005620BF /* CompassManager.swift in Sources */,
				D5982E851D7CD352004C4AAF /* CommandRouter.swift in Sources */,
				D582BA2B1D6DAB63000D5F3A /* CompassCommand.swift in Sources */,
			);
			runOnlyForDeploymentPostprocessing = 0;
		};
		D5C629451C3A7FAA007F7B7C /* Sources */ = {
			isa = PBXSourcesBuildPhase;
			buildActionMask = 2147483647;
			files = (
				D5982E881D7CD95B004C4AAF /* CommandRouterTests.swift in Sources */,
				D582BA361D6DB7BB000D5F3A /* CompassCommandHandlerTests.swift in Sources */,
				D582BA2D1D6DAB84000D5F3A /* CompassCommandTests.swift in Sources */,
				D582BA391D6DB7C2000D5F3A /* CompassManagerTests.swift in Sources */,
				D582BA3C1D6DBE9D000D5F3A /* Helpers.swift in Sources */,
			);
			runOnlyForDeploymentPostprocessing = 0;
		};
/* End PBXSourcesBuildPhase section */

/* Begin PBXTargetDependency section */
		D5B2E8AC1C3A780C00C0327D /* PBXTargetDependency */ = {
			isa = PBXTargetDependency;
			target = D5B2E89E1C3A780C00C0327D /* AftermathCompass-iOS */;
			targetProxy = D5B2E8AB1C3A780C00C0327D /* PBXContainerItemProxy */;
		};
		D5C6294C1C3A7FAA007F7B7C /* PBXTargetDependency */ = {
			isa = PBXTargetDependency;
			target = D5C6293F1C3A7FAA007F7B7C /* AftermathCompass-Mac */;
			targetProxy = D5C6294B1C3A7FAA007F7B7C /* PBXContainerItemProxy */;
		};
/* End PBXTargetDependency section */

/* Begin XCBuildConfiguration section */
		D5B2E8B11C3A780C00C0327D /* Debug */ = {
			isa = XCBuildConfiguration;
			buildSettings = {
				ALWAYS_SEARCH_USER_PATHS = NO;
				CLANG_CXX_LANGUAGE_STANDARD = "gnu++0x";
				CLANG_CXX_LIBRARY = "libc++";
				CLANG_ENABLE_MODULES = YES;
				CLANG_ENABLE_OBJC_ARC = YES;
				CLANG_WARN_BOOL_CONVERSION = YES;
				CLANG_WARN_CONSTANT_CONVERSION = YES;
				CLANG_WARN_DIRECT_OBJC_ISA_USAGE = YES_ERROR;
				CLANG_WARN_EMPTY_BODY = YES;
				CLANG_WARN_ENUM_CONVERSION = YES;
				CLANG_WARN_INT_CONVERSION = YES;
				CLANG_WARN_OBJC_ROOT_CLASS = YES_ERROR;
				CLANG_WARN_UNREACHABLE_CODE = YES;
				CLANG_WARN__DUPLICATE_METHOD_MATCH = YES;
				"CODE_SIGN_IDENTITY[sdk=iphoneos*]" = "iPhone Developer";
				COPY_PHASE_STRIP = NO;
				CURRENT_PROJECT_VERSION = 1;
				DEBUG_INFORMATION_FORMAT = dwarf;
				ENABLE_STRICT_OBJC_MSGSEND = YES;
				ENABLE_TESTABILITY = YES;
				GCC_C_LANGUAGE_STANDARD = gnu99;
				GCC_DYNAMIC_NO_PIC = NO;
				GCC_NO_COMMON_BLOCKS = YES;
				GCC_OPTIMIZATION_LEVEL = 0;
				GCC_PREPROCESSOR_DEFINITIONS = (
					"DEBUG=1",
					"$(inherited)",
				);
				GCC_WARN_64_TO_32_BIT_CONVERSION = YES;
				GCC_WARN_ABOUT_RETURN_TYPE = YES_ERROR;
				GCC_WARN_UNDECLARED_SELECTOR = YES;
				GCC_WARN_UNINITIALIZED_AUTOS = YES_AGGRESSIVE;
				GCC_WARN_UNUSED_FUNCTION = YES;
				GCC_WARN_UNUSED_VARIABLE = YES;
				IPHONEOS_DEPLOYMENT_TARGET = 9.2;
				MTL_ENABLE_DEBUG_INFO = YES;
				ONLY_ACTIVE_ARCH = YES;
				SDKROOT = iphoneos;
				SWIFT_OPTIMIZATION_LEVEL = "-Onone";
				TARGETED_DEVICE_FAMILY = "1,2";
				VERSIONING_SYSTEM = "apple-generic";
				VERSION_INFO_PREFIX = "";
			};
			name = Debug;
		};
		D5B2E8B21C3A780C00C0327D /* Release */ = {
			isa = XCBuildConfiguration;
			buildSettings = {
				ALWAYS_SEARCH_USER_PATHS = NO;
				CLANG_CXX_LANGUAGE_STANDARD = "gnu++0x";
				CLANG_CXX_LIBRARY = "libc++";
				CLANG_ENABLE_MODULES = YES;
				CLANG_ENABLE_OBJC_ARC = YES;
				CLANG_WARN_BOOL_CONVERSION = YES;
				CLANG_WARN_CONSTANT_CONVERSION = YES;
				CLANG_WARN_DIRECT_OBJC_ISA_USAGE = YES_ERROR;
				CLANG_WARN_EMPTY_BODY = YES;
				CLANG_WARN_ENUM_CONVERSION = YES;
				CLANG_WARN_INT_CONVERSION = YES;
				CLANG_WARN_OBJC_ROOT_CLASS = YES_ERROR;
				CLANG_WARN_UNREACHABLE_CODE = YES;
				CLANG_WARN__DUPLICATE_METHOD_MATCH = YES;
				"CODE_SIGN_IDENTITY[sdk=iphoneos*]" = "iPhone Developer";
				COPY_PHASE_STRIP = NO;
				CURRENT_PROJECT_VERSION = 1;
				DEBUG_INFORMATION_FORMAT = "dwarf-with-dsym";
				ENABLE_NS_ASSERTIONS = NO;
				ENABLE_STRICT_OBJC_MSGSEND = YES;
				GCC_C_LANGUAGE_STANDARD = gnu99;
				GCC_NO_COMMON_BLOCKS = YES;
				GCC_WARN_64_TO_32_BIT_CONVERSION = YES;
				GCC_WARN_ABOUT_RETURN_TYPE = YES_ERROR;
				GCC_WARN_UNDECLARED_SELECTOR = YES;
				GCC_WARN_UNINITIALIZED_AUTOS = YES_AGGRESSIVE;
				GCC_WARN_UNUSED_FUNCTION = YES;
				GCC_WARN_UNUSED_VARIABLE = YES;
				IPHONEOS_DEPLOYMENT_TARGET = 9.2;
				MTL_ENABLE_DEBUG_INFO = NO;
				SDKROOT = iphoneos;
				TARGETED_DEVICE_FAMILY = "1,2";
				VALIDATE_PRODUCT = YES;
				VERSIONING_SYSTEM = "apple-generic";
				VERSION_INFO_PREFIX = "";
			};
			name = Release;
		};
		D5B2E8B41C3A780C00C0327D /* Debug */ = {
			isa = XCBuildConfiguration;
			buildSettings = {
				CLANG_ENABLE_MODULES = YES;
				DEFINES_MODULE = YES;
				DYLIB_COMPATIBILITY_VERSION = 1;
				DYLIB_CURRENT_VERSION = 1;
				DYLIB_INSTALL_NAME_BASE = "@rpath";
				FRAMEWORK_SEARCH_PATHS = (
					"$(inherited)",
					"$(PROJECT_DIR)/Carthage/Build/iOS",
				);
				INFOPLIST_FILE = "$(SRCROOT)/Project/Info-iOS.plist";
				INSTALL_PATH = "$(LOCAL_LIBRARY_DIR)/Frameworks";
				IPHONEOS_DEPLOYMENT_TARGET = 8.0;
				LD_RUNPATH_SEARCH_PATHS = "$(inherited) @executable_path/Frameworks @loader_path/Frameworks";
				PRODUCT_BUNDLE_IDENTIFIER = "no.hyper.AftermathCompass-iOS";
				PRODUCT_NAME = AftermathCompass;
				SKIP_INSTALL = YES;
				SWIFT_OPTIMIZATION_LEVEL = "-Onone";
			};
			name = Debug;
		};
		D5B2E8B51C3A780C00C0327D /* Release */ = {
			isa = XCBuildConfiguration;
			buildSettings = {
				CLANG_ENABLE_MODULES = YES;
				DEFINES_MODULE = YES;
				DYLIB_COMPATIBILITY_VERSION = 1;
				DYLIB_CURRENT_VERSION = 1;
				DYLIB_INSTALL_NAME_BASE = "@rpath";
				FRAMEWORK_SEARCH_PATHS = (
					"$(inherited)",
					"$(PROJECT_DIR)/Carthage/Build/iOS",
				);
				INFOPLIST_FILE = "$(SRCROOT)/Project/Info-iOS.plist";
				INSTALL_PATH = "$(LOCAL_LIBRARY_DIR)/Frameworks";
				IPHONEOS_DEPLOYMENT_TARGET = 8.0;
				LD_RUNPATH_SEARCH_PATHS = "$(inherited) @executable_path/Frameworks @loader_path/Frameworks";
				PRODUCT_BUNDLE_IDENTIFIER = "no.hyper.AftermathCompass-iOS";
				PRODUCT_NAME = AftermathCompass;
				SKIP_INSTALL = YES;
			};
			name = Release;
		};
		D5B2E8B71C3A780C00C0327D /* Debug */ = {
			isa = XCBuildConfiguration;
			buildSettings = {
				CLANG_ENABLE_MODULES = YES;
				FRAMEWORK_SEARCH_PATHS = (
					"$(inherited)",
					"$(PROJECT_DIR)/Carthage/Build/iOS",
				);
				INFOPLIST_FILE = "$(SRCROOT)/Project/Info-Tests-iOS.plist";
				LD_RUNPATH_SEARCH_PATHS = "$(inherited) @executable_path/Frameworks @loader_path/Frameworks";
				PRODUCT_BUNDLE_IDENTIFIER = no.hyper.AftermathCompassTests;
				PRODUCT_NAME = "$(TARGET_NAME)";
				SWIFT_OPTIMIZATION_LEVEL = "-Onone";
			};
			name = Debug;
		};
		D5B2E8B81C3A780C00C0327D /* Release */ = {
			isa = XCBuildConfiguration;
			buildSettings = {
				CLANG_ENABLE_MODULES = YES;
				FRAMEWORK_SEARCH_PATHS = (
					"$(inherited)",
					"$(PROJECT_DIR)/Carthage/Build/iOS",
				);
				INFOPLIST_FILE = "$(SRCROOT)/Project/Info-Tests-iOS.plist";
				LD_RUNPATH_SEARCH_PATHS = "$(inherited) @executable_path/Frameworks @loader_path/Frameworks";
				PRODUCT_BUNDLE_IDENTIFIER = no.hyper.AftermathCompassTests;
				PRODUCT_NAME = "$(TARGET_NAME)";
			};
			name = Release;
		};
		D5C629521C3A7FAA007F7B7C /* Debug */ = {
			isa = XCBuildConfiguration;
			buildSettings = {
				CLANG_ENABLE_MODULES = YES;
				CODE_SIGN_IDENTITY = "-";
				COMBINE_HIDPI_IMAGES = YES;
				DEFINES_MODULE = YES;
				DYLIB_COMPATIBILITY_VERSION = 1;
				DYLIB_CURRENT_VERSION = 1;
				DYLIB_INSTALL_NAME_BASE = "@rpath";
				FRAMEWORK_SEARCH_PATHS = (
					"$(inherited)",
					"$(PROJECT_DIR)/Carthage/Build/Mac",
					"$(PROJECT_DIR)/Carthage/Build/iOS",
				);
				FRAMEWORK_VERSION = A;
				INFOPLIST_FILE = "$(SRCROOT)/Project/Info-Mac.plist";
				INSTALL_PATH = "$(LOCAL_LIBRARY_DIR)/Frameworks";
				LD_RUNPATH_SEARCH_PATHS = "$(inherited) @executable_path/../Frameworks @loader_path/Frameworks";
				MACOSX_DEPLOYMENT_TARGET = 10.10;
				PRODUCT_BUNDLE_IDENTIFIER = "no.hyper.AftermathCompass-Mac";
				PRODUCT_NAME = AftermathCompass;
				SDKROOT = macosx;
				SKIP_INSTALL = YES;
				SWIFT_OPTIMIZATION_LEVEL = "-Onone";
			};
			name = Debug;
		};
		D5C629531C3A7FAA007F7B7C /* Release */ = {
			isa = XCBuildConfiguration;
			buildSettings = {
				CLANG_ENABLE_MODULES = YES;
				CODE_SIGN_IDENTITY = "-";
				COMBINE_HIDPI_IMAGES = YES;
				DEFINES_MODULE = YES;
				DYLIB_COMPATIBILITY_VERSION = 1;
				DYLIB_CURRENT_VERSION = 1;
				DYLIB_INSTALL_NAME_BASE = "@rpath";
				FRAMEWORK_SEARCH_PATHS = (
					"$(inherited)",
					"$(PROJECT_DIR)/Carthage/Build/Mac",
					"$(PROJECT_DIR)/Carthage/Build/iOS",
				);
				FRAMEWORK_VERSION = A;
				INFOPLIST_FILE = "$(SRCROOT)/Project/Info-Mac.plist";
				INSTALL_PATH = "$(LOCAL_LIBRARY_DIR)/Frameworks";
				LD_RUNPATH_SEARCH_PATHS = "$(inherited) @executable_path/../Frameworks @loader_path/Frameworks";
				MACOSX_DEPLOYMENT_TARGET = 10.10;
				PRODUCT_BUNDLE_IDENTIFIER = "no.hyper.AftermathCompass-Mac";
				PRODUCT_NAME = AftermathCompass;
				SDKROOT = macosx;
				SKIP_INSTALL = YES;
			};
			name = Release;
		};
		D5C629551C3A7FAA007F7B7C /* Debug */ = {
			isa = XCBuildConfiguration;
			buildSettings = {
				CODE_SIGN_IDENTITY = "-";
				COMBINE_HIDPI_IMAGES = YES;
				FRAMEWORK_SEARCH_PATHS = (
					"$(inherited)",
					"$(PROJECT_DIR)/Carthage/Build/Mac",
				);
				INFOPLIST_FILE = "$(SRCROOT)/Project/Info-Tests-Mac.plist";
				LD_RUNPATH_SEARCH_PATHS = "$(inherited) @executable_path/../Frameworks @loader_path/../Frameworks";
				MACOSX_DEPLOYMENT_TARGET = 10.11;
				PRODUCT_BUNDLE_IDENTIFIER = "no.hyper.AftermathCompass-MacTests";
				PRODUCT_NAME = "$(TARGET_NAME)";
				SDKROOT = macosx;
			};
			name = Debug;
		};
		D5C629561C3A7FAA007F7B7C /* Release */ = {
			isa = XCBuildConfiguration;
			buildSettings = {
				CODE_SIGN_IDENTITY = "-";
				COMBINE_HIDPI_IMAGES = YES;
				FRAMEWORK_SEARCH_PATHS = (
					"$(inherited)",
					"$(PROJECT_DIR)/Carthage/Build/Mac",
				);
				INFOPLIST_FILE = "$(SRCROOT)/Project/Info-Tests-Mac.plist";
				LD_RUNPATH_SEARCH_PATHS = "$(inherited) @executable_path/../Frameworks @loader_path/../Frameworks";
				MACOSX_DEPLOYMENT_TARGET = 10.11;
				PRODUCT_BUNDLE_IDENTIFIER = "no.hyper.AftermathCompass-MacTests";
				PRODUCT_NAME = "$(TARGET_NAME)";
				SDKROOT = macosx;
			};
			name = Release;
		};
/* End XCBuildConfiguration section */

/* Begin XCConfigurationList section */
		D5B2E8991C3A780C00C0327D /* Build configuration list for PBXProject "AftermathCompass" */ = {
			isa = XCConfigurationList;
			buildConfigurations = (
				D5B2E8B11C3A780C00C0327D /* Debug */,
				D5B2E8B21C3A780C00C0327D /* Release */,
			);
			defaultConfigurationIsVisible = 0;
			defaultConfigurationName = Release;
		};
		D5B2E8B31C3A780C00C0327D /* Build configuration list for PBXNativeTarget "AftermathCompass-iOS" */ = {
			isa = XCConfigurationList;
			buildConfigurations = (
				D5B2E8B41C3A780C00C0327D /* Debug */,
				D5B2E8B51C3A780C00C0327D /* Release */,
			);
			defaultConfigurationIsVisible = 0;
			defaultConfigurationName = Release;
		};
		D5B2E8B61C3A780C00C0327D /* Build configuration list for PBXNativeTarget "AftermathCompass-iOS-Tests" */ = {
			isa = XCConfigurationList;
			buildConfigurations = (
				D5B2E8B71C3A780C00C0327D /* Debug */,
				D5B2E8B81C3A780C00C0327D /* Release */,
			);
			defaultConfigurationIsVisible = 0;
			defaultConfigurationName = Release;
		};
		D5C629511C3A7FAA007F7B7C /* Build configuration list for PBXNativeTarget "AftermathCompass-Mac" */ = {
			isa = XCConfigurationList;
			buildConfigurations = (
				D5C629521C3A7FAA007F7B7C /* Debug */,
				D5C629531C3A7FAA007F7B7C /* Release */,
			);
			defaultConfigurationIsVisible = 0;
			defaultConfigurationName = Release;
		};
		D5C629541C3A7FAA007F7B7C /* Build configuration list for PBXNativeTarget "AftermathCompass-Mac-Tests" */ = {
			isa = XCConfigurationList;
			buildConfigurations = (
				D5C629551C3A7FAA007F7B7C /* Debug */,
				D5C629561C3A7FAA007F7B7C /* Release */,
			);
			defaultConfigurationIsVisible = 0;
			defaultConfigurationName = Release;
		};
/* End XCConfigurationList section */
	};
	rootObject = D5B2E8961C3A780C00C0327D /* Project object */;
}
